lockfileVersion: '9.0'

settings:
  autoInstallPeers: true
  excludeLinksFromLockfile: false

importers:

  .:
    dependencies:
      '@ts-rest/core':
        specifier: ^3.52.1
        version: 3.52.1(zod@4.2.1)
      typescript:
        specifier: latest
        version: 5.9.3
      zod:
        specifier: ^4.2.1
        version: 4.2.1

packages:

  '@ts-rest/core@3.52.1':
    resolution: {integrity: sha512-tAjz7Kxq/grJodcTA1Anop4AVRDlD40fkksEV5Mmal88VoZeRKAG8oMHsDwdwPZz+B/zgnz0q2sF+cm5M7Bc7g==}
    peerDependencies:
      '@types/node': ^18.18.7 || >=20.8.4
      zod: ^3.22.3
    peerDependenciesMeta:
      '@types/node':
        optional: true
      zod:
        optional: true

  typescript@5.9.3:
    resolution: {integrity: sha512-jl1vZzPDinLr9eUt3J/t7V6FgNEw9QjvBPdysz9KfQDD41fQrC2Y4vKQdiaUpFT4bXlb1RHhLpp8wtm6M5TgSw==}
    engines: {node: '>=14.17'}
    hasBin: true

  zod@4.2.1:
    resolution: {integrity: sha512-0wZ1IRqGGhMP76gLqz8EyfBXKk0J2qo2+H3fi4mcUP/KtTocoX08nmIAHl1Z2kJIZbZee8KOpBCSNPRgauucjw==}

snapshots:

  '@ts-rest/core@3.52.1(zod@4.2.1)':
    optionalDependencies:
      zod: 4.2.1

  typescript@5.9.3: {}

  zod@4.2.1: {}
